
Microsoft Visual Studio Solution File, Format Version 12.00
# Visual Studio Version 17
VisualStudioVersion = 17.8.34330.188
MinimumVisualStudioVersion = 10.0.40219.1
Project("{FAE04EC0-301F-11D3-BF4B-00C04F79EFBC}") = "Job_portal_in_Core", "Job_portal_in_Core\Job_portal_in_Core.csproj", "{AABF04B6-3EBE-464F-8CCD-5166EABCBFB1}"
EndProject
Global
	GlobalSection(SolutionConfigurationPlatforms) = preSolution
		Debug|Any CPU = Debug|Any CPU
		Release|Any CPU = Release|Any CPU
	EndGlobalSection
	GlobalSection(ProjectConfigurationPlatforms) = postSolution
		{AABF04B6-3EBE-464F-8CCD-5166EABCBFB1}.Debug|Any CPU.ActiveCfg = Debug|Any CPU
		{AABF04B6-3EBE-464F-8CCD-5166EABCBFB1}.Debug|Any CPU.Build.0 = Debug|Any CPU
		{AABF04B6-3EBE-464F-8CCD-5166EABCBFB1}.Release|Any CPU.ActiveCfg = Release|Any CPU
		{AABF04B6-3EBE-464F-8CCD-5166EABCBFB1}.Release|Any CPU.Build.0 = Release|Any CPU
	EndGlobalSection
	GlobalSection(SolutionProperties) = preSolution
		HideSolutionNode = FALSE
	EndGlobalSection
	GlobalSection(ExtensibilityGlobals) = postSolution
		SolutionGuid = {3AD6EED5-3182-48B7-953A-C87B82E820C0}
	EndGlobalSection
EndGlobal
